
Microsoft Visual Studio Solution File, Format Version 12.00
# Visual Studio Version 17
VisualStudioVersion = 17.14.36121.58 d17.14
MinimumVisualStudioVersion = 10.0.40219.1
Project("{FAE04EC0-301F-11D3-BF4B-00C04F79EFBC}") = "Portfolio.Api", "Portfolio.Api\Portfolio.Api.csproj", "{7A8D0197-2863-41B5-B8CC-8ABDA8A723B3}"
EndProject
Global
	GlobalSection(SolutionConfigurationPlatforms) = preSolution
		Debug|Any CPU = Debug|Any CPU
		Release|Any CPU = Release|Any CPU
	EndGlobalSection
	GlobalSection(ProjectConfigurationPlatforms) = postSolution
		{7A8D0197-2863-41B5-B8CC-8ABDA8A723B3}.Debug|Any CPU.ActiveCfg = Debug|Any CPU
		{7A8D0197-2863-41B5-B8CC-8ABDA8A723B3}.Debug|Any CPU.Build.0 = Debug|Any CPU
		{7A8D0197-2863-41B5-B8CC-8ABDA8A723B3}.Release|Any CPU.ActiveCfg = Release|Any CPU
		{7A8D0197-2863-41B5-B8CC-8ABDA8A723B3}.Release|Any CPU.Build.0 = Release|Any CPU
	EndGlobalSection
	GlobalSection(SolutionProperties) = preSolution
		HideSolutionNode = FALSE
	EndGlobalSection
	GlobalSection(ExtensibilityGlobals) = postSolution
		SolutionGuid = {46CBB449-13D5-4FD6-8420-CAA8B1F5B9B3}
	EndGlobalSection
EndGlobal
